
Microsoft Visual Studio Solution File, Format Version 12.00
# Visual Studio Version 17
VisualStudioVersion = 17.5.33414.496
MinimumVisualStudioVersion = 10.0.40219.1
Project("{FAE04EC0-301F-11D3-BF4B-00C04F79EFBC}") = "HR_Management_App", "HR_Management_App\HR_Management_App.csproj", "{87BB5F6C-D904-4D7F-B89F-75A1B38A5CA4}"
EndProject
Global
	GlobalSection(SolutionConfigurationPlatforms) = preSolution
		Debug|Any CPU = Debug|Any CPU
		Release|Any CPU = Release|Any CPU
	EndGlobalSection
	GlobalSection(ProjectConfigurationPlatforms) = postSolution
		{87BB5F6C-D904-4D7F-B89F-75A1B38A5CA4}.Debug|Any CPU.ActiveCfg = Debug|Any CPU
		{87BB5F6C-D904-4D7F-B89F-75A1B38A5CA4}.Debug|Any CPU.Build.0 = Debug|Any CPU
		{87BB5F6C-D904-4D7F-B89F-75A1B38A5CA4}.Release|Any CPU.ActiveCfg = Release|Any CPU
		{87BB5F6C-D904-4D7F-B89F-75A1B38A5CA4}.Release|Any CPU.Build.0 = Release|Any CPU
	EndGlobalSection
	GlobalSection(SolutionProperties) = preSolution
		HideSolutionNode = FALSE
	EndGlobalSection
	GlobalSection(ExtensibilityGlobals) = postSolution
		SolutionGuid = {7B0F757C-CD0C-4DC0-9AB3-DBFF132A6CE5}
	EndGlobalSection
EndGlobal
